// !$*UTF8*$!
{
	archiveVersion = 1;
	classes = {
	};
	objectVersion = 51;
	objects = {

/* Begin PBXBuildFile section */
		9125A71C2380F0B300ACCD0C /* Main.storyboard in Resources */ = {isa = PBXBuildFile; fileRef = 9125A71A2380F0B300ACCD0C /* Main.storyboard */; };
		9125A71E2381C9DB00ACCD0C /* Podfile in Resources */ = {isa = PBXBuildFile; fileRef = 9125A71D2381C9DB00ACCD0C /* Podfile */; };
		91CC0FCF2380B3BD007882C4 /* AppDelegate.swift in Sources */ = {isa = PBXBuildFile; fileRef = 91CC0FCE2380B3BD007882C4 /* AppDelegate.swift */; };
		91CC0FD12380B3BD007882C4 /* SceneDelegate.swift in Sources */ = {isa = PBXBuildFile; fileRef = 91CC0FD02380B3BD007882C4 /* SceneDelegate.swift */; };
		91CC0FD32380B3BD007882C4 /* ViewController.swift in Sources */ = {isa = PBXBuildFile; fileRef = 91CC0FD22380B3BD007882C4 /* ViewController.swift */; };
		91CC0FD82380B3C4007882C4 /* Assets.xcassets in Resources */ = {isa = PBXBuildFile; fileRef = 91CC0FD72380B3C4007882C4 /* Assets.xcassets */; };
		91CC0FDB2380B3C4007882C4 /* LaunchScreen.storyboard in Resources */ = {isa = PBXBuildFile; fileRef = 91CC0FD92380B3C4007882C4 /* LaunchScreen.storyboard */; };
		91CC0FE32380B9F6007882C4 /* Font in Resources */ = {isa = PBXBuildFile; fileRef = 91CC0FE22380B9F6007882C4 /* Font */; };
		975C78A31F84D4BD40635C62 /* Pods_wtf.framework in Frameworks */ = {isa = PBXBuildFile; fileRef = D152A354791347DDAC5E48BA /* Pods_wtf.framework */; };
/* End PBXBuildFile section */

/* Begin PBXFileReference section */
		9125A71B2380F0B300ACCD0C /* Base */ = {isa = PBXFileReference; lastKnownFileType = file.storyboard; name = Base; path = Base.lproj/Main.storyboard; sourceTree = "<group>"; };
		9125A71D2381C9DB00ACCD0C /* Podfile */ = {isa = PBXFileReference; lastKnownFileType = text; path = Podfile; sourceTree = "<group>"; };
		912F14552381D13200B5DEA9 /* Wtf-Bridging-Header.h */ = {isa = PBXFileReference; lastKnownFileType = sourcecode.c.h; path = "Wtf-Bridging-Header.h"; sourceTree = "<group>"; };
		91CC0FCB2380B3BD007882C4 /* wtf.app */ = {isa = PBXFileReference; explicitFileType = wrapper.application; includeInIndex = 0; path = wtf.app; sourceTree = BUILT_PRODUCTS_DIR; };
		91CC0FCE2380B3BD007882C4 /* AppDelegate.swift */ = {isa = PBXFileReference; lastKnownFileType = sourcecode.swift; path = AppDelegate.swift; sourceTree = "<group>"; };
		91CC0FD02380B3BD007882C4 /* SceneDelegate.swift */ = {isa = PBXFileReference; lastKnownFileType = sourcecode.swift; path = SceneDelegate.swift; sourceTree = "<group>"; };
		91CC0FD22380B3BD007882C4 /* ViewController.swift */ = {isa = PBXFileReference; lastKnownFileType = sourcecode.swift; path = ViewController.swift; sourceTree = "<group>"; };
		91CC0FD72380B3C4007882C4 /* Assets.xcassets */ = {isa = PBXFileReference; lastKnownFileType = folder.assetcatalog; path = Assets.xcassets; sourceTree = "<group>"; };
		91CC0FDA2380B3C4007882C4 /* Base */ = {isa = PBXFileReference; lastKnownFileType = file.storyboard; name = Base; path = Base.lproj/LaunchScreen.storyboard; sourceTree = "<group>"; };
		91CC0FDC2380B3C4007882C4 /* Info.plist */ = {isa = PBXFileReference; lastKnownFileType = text.plist.xml; path = Info.plist; sourceTree = "<group>"; };
		91CC0FE22380B9F6007882C4 /* Font */ = {isa = PBXFileReference; lastKnownFileType = folder; path = Font; sourceTree = "<group>"; };
		D152A354791347DDAC5E48BA /* Pods_wtf.framework */ = {isa = PBXFileReference; explicitFileType = wrapper.framework; includeInIndex = 0; path = Pods_wtf.framework; sourceTree = BUILT_PRODUCTS_DIR; };
		F8D0DD3D0556487F4E972C96 /* Pods-wtf.release.xcconfig */ = {isa = PBXFileReference; includeInIndex = 1; lastKnownFileType = text.xcconfig; name = "Pods-wtf.release.xcconfig"; path = "Target Support Files/Pods-wtf/Pods-wtf.release.xcconfig"; sourceTree = "<group>"; };
		FE710E1A233405D20BE08544 /* Pods-wtf.debug.xcconfig */ = {isa = PBXFileReference; includeInIndex = 1; lastKnownFileType = text.xcconfig; name = "Pods-wtf.debug.xcconfig"; path = "Target Support Files/Pods-wtf/Pods-wtf.debug.xcconfig"; sourceTree = "<group>"; };
/* End PBXFileReference section */

/* Begin PBXFrameworksBuildPhase section */
		91CC0FC82380B3BD007882C4 /* Frameworks */ = {
			isa = PBXFrameworksBuildPhase;
			buildActionMask = 2147483647;
			files = (
				975C78A31F84D4BD40635C62 /* Pods_wtf.framework in Frameworks */,
			);
			runOnlyForDeploymentPostprocessing = 0;
		};
/* End PBXFrameworksBuildPhase section */

/* Begin PBXGroup section */
		76EC9757CCC82A9841679884 /* Pods */ = {
			isa = PBXGroup;
			children = (
				FE710E1A233405D20BE08544 /* Pods-wtf.debug.xcconfig */,
				F8D0DD3D0556487F4E972C96 /* Pods-wtf.release.xcconfig */,
			);
			path = Pods;
			sourceTree = "<group>";
		};
		91CC0FC22380B3BD007882C4 = {
			isa = PBXGroup;
			children = (
				912F14552381D13200B5DEA9 /* Wtf-Bridging-Header.h */,
				9125A71D2381C9DB00ACCD0C /* Podfile */,
				91CC0FCD2380B3BD007882C4 /* wtf */,
				91CC0FCC2380B3BD007882C4 /* Products */,
				76EC9757CCC82A9841679884 /* Pods */,
				C90FE92CE58DBDAF3118A95F /* Frameworks */,
			);
			sourceTree = "<group>";
		};
		91CC0FCC2380B3BD007882C4 /* Products */ = {
			isa = PBXGroup;
			children = (
				91CC0FCB2380B3BD007882C4 /* wtf.app */,
			);
			name = Products;
			sourceTree = "<group>";
		};
		91CC0FCD2380B3BD007882C4 /* wtf */ = {
			isa = PBXGroup;
			children = (
				91CC0FE22380B9F6007882C4 /* Font */,
				91CC0FCE2380B3BD007882C4 /* AppDelegate.swift */,
				91CC0FD02380B3BD007882C4 /* SceneDelegate.swift */,
				91CC0FD22380B3BD007882C4 /* ViewController.swift */,
				91CC0FD72380B3C4007882C4 /* Assets.xcassets */,
				91CC0FD92380B3C4007882C4 /* LaunchScreen.storyboard */,
				9125A71A2380F0B300ACCD0C /* Main.storyboard */,
				91CC0FDC2380B3C4007882C4 /* Info.plist */,
			);
			path = wtf;
			sourceTree = "<group>";
		};
		C90FE92CE58DBDAF3118A95F /* Frameworks */ = {
			isa = PBXGroup;
			children = (
				D152A354791347DDAC5E48BA /* Pods_wtf.framework */,
			);
			name = Frameworks;
			sourceTree = "<group>";
		};
/* End PBXGroup section */

/* Begin PBXNativeTarget section */
		91CC0FCA2380B3BD007882C4 /* wtf */ = {
			isa = PBXNativeTarget;
			buildConfigurationList = 91CC0FDF2380B3C4007882C4 /* Build configuration list for PBXNativeTarget "wtf" */;
			buildPhases = (
				9735DB37FCC00F7F136DBD25 /* [CP] Check Pods Manifest.lock */,
				91CC0FC72380B3BD007882C4 /* Sources */,
				91CC0FC82380B3BD007882C4 /* Frameworks */,
				91CC0FC92380B3BD007882C4 /* Resources */,
				E0859A0371CF7CE9EE260BE5 /* [CP] Embed Pods Frameworks */,
			);
			buildRules = (
			);
			dependencies = (
			);
			name = wtf;
			productName = wtf;
			productReference = 91CC0FCB2380B3BD007882C4 /* wtf.app */;
			productType = "com.apple.product-type.application";
		};
/* End PBXNativeTarget section */

/* Begin PBXProject section */
		91CC0FC32380B3BD007882C4 /* Project object */ = {
			isa = PBXProject;
			attributes = {
				LastSwiftUpdateCheck = 1120;
				LastUpgradeCheck = 1120;
				ORGANIZATIONNAME = rgi;
				TargetAttributes = {
					91CC0FCA2380B3BD007882C4 = {
						CreatedOnToolsVersion = 11.2.1;
					};
				};
			};
			buildConfigurationList = 91CC0FC62380B3BD007882C4 /* Build configuration list for PBXProject "wtf" */;
			compatibilityVersion = "Xcode 9.3";
			developmentRegion = en;
			hasScannedForEncodings = 0;
			knownRegions = (
				en,
				Base,
			);
			mainGroup = 91CC0FC22380B3BD007882C4;
			productRefGroup = 91CC0FCC2380B3BD007882C4 /* Products */;
			projectDirPath = "";
			projectRoot = "";
			targets = (
				91CC0FCA2380B3BD007882C4 /* wtf */,
			);
		};
/* End PBXProject section */

/* Begin PBXResourcesBuildPhase section */
		91CC0FC92380B3BD007882C4 /* Resources */ = {
			isa = PBXResourcesBuildPhase;
			buildActionMask = 2147483647;
			files = (
				9125A71E2381C9DB00ACCD0C /* Podfile in Resources */,
				91CC0FDB2380B3C4007882C4 /* LaunchScreen.storyboard in Resources */,
				91CC0FD82380B3C4007882C4 /* Assets.xcassets in Resources */,
				91CC0FE32380B9F6007882C4 /* Font in Resources */,
				9125A71C2380F0B300ACCD0C /* Main.storyboard in Resources */,
			);
			runOnlyForDeploymentPostprocessing = 0;
		};
/* End PBXResourcesBuildPhase section */

/* Begin PBXShellScriptBuildPhase section */
		9735DB37FCC00F7F136DBD25 /* [CP] Check Pods Manifest.lock */ = {
			isa = PBXShellScriptBuildPhase;
			buildActionMask = 2147483647;
			files = (
			);
			inputFileListPaths = (
			);
			inputPaths = (
				"${PODS_PODFILE_DIR_PATH}/Podfile.lock",
				"${PODS_ROOT}/Manifest.lock",
			);
			name = "[CP] Check Pods Manifest.lock";
			outputFileListPaths = (
			);
			outputPaths = (
				"$(DERIVED_FILE_DIR)/Pods-wtf-checkManifestLockResult.txt",
			);
			runOnlyForDeploymentPostprocessing = 0;
			shellPath = /bin/sh;
			shellScript = "diff \"${PODS_PODFILE_DIR_PATH}/Podfile.lock\" \"${PODS_ROOT}/Manifest.lock\" > /dev/null\nif [ $? != 0 ] ; then\n    # print error to STDERR\n    echo \"error: The sandbox is not in sync with the Podfile.lock. Run 'pod install' or update your CocoaPods installation.\" >&2\n    exit 1\nfi\n# This output is used by Xcode 'outputs' to avoid re-running this script phase.\necho \"SUCCESS\" > \"${SCRIPT_OUTPUT_FILE_0}\"\n";
			showEnvVarsInLog = 0;
		};
		E0859A0371CF7CE9EE260BE5 /* [CP] Embed Pods Frameworks */ = {
			isa = PBXShellScriptBuildPhase;
			buildActionMask = 2147483647;
			files = (
			);
			inputFileListPaths = (
				"${PODS_ROOT}/Target Support Files/Pods-wtf/Pods-wtf-frameworks-${CONFIGURATION}-input-files.xcfilelist",
			);
			name = "[CP] Embed Pods Frameworks";
			outputFileListPaths = (
				"${PODS_ROOT}/Target Support Files/Pods-wtf/Pods-wtf-frameworks-${CONFIGURATION}-output-files.xcfilelist",
			);
			runOnlyForDeploymentPostprocessing = 0;
			shellPath = /bin/sh;
			shellScript = "\"${PODS_ROOT}/Target Support Files/Pods-wtf/Pods-wtf-frameworks.sh\"\n";
			showEnvVarsInLog = 0;
		};
/* End PBXShellScriptBuildPhase section */

/* Begin PBXSourcesBuildPhase section */
		91CC0FC72380B3BD007882C4 /* Sources */ = {
			isa = PBXSourcesBuildPhase;
			buildActionMask = 2147483647;
			files = (
				91CC0FD32380B3BD007882C4 /* ViewController.swift in Sources */,
				91CC0FCF2380B3BD007882C4 /* AppDelegate.swift in Sources */,
				91CC0FD12380B3BD007882C4 /* SceneDelegate.swift in Sources */,
			);
			runOnlyForDeploymentPostprocessing = 0;
		};
/* End PBXSourcesBuildPhase section */

/* Begin PBXVariantGroup section */
		9125A71A2380F0B300ACCD0C /* Main.storyboard */ = {
			isa = PBXVariantGroup;
			children = (
				9125A71B2380F0B300ACCD0C /* Base */,
			);
			name = Main.storyboard;
			sourceTree = "<group>";
		};
		91CC0FD92380B3C4007882C4 /* LaunchScreen.storyboard */ = {
			isa = PBXVariantGroup;
			children = (
				91CC0FDA2380B3C4007882C4 /* Base */,
			);
			name = LaunchScreen.storyboard;
			sourceTree = "<group>";
		};
/* End PBXVariantGroup section */

/* Begin XCBuildConfiguration section */
		91CC0FDD2380B3C4007882C4 /* Debug */ = {
			isa = XCBuildConfiguration;
			buildSettings = {
				ALWAYS_SEARCH_USER_PATHS = NO;
				CLANG_ANALYZER_NONNULL = YES;
				CLANG_ANALYZER_NUMBER_OBJECT_CONVERSION = YES_AGGRESSIVE;
				CLANG_CXX_LANGUAGE_STANDARD = "gnu++14";
				CLANG_CXX_LIBRARY = "libc++";
				CLANG_ENABLE_MODULES = YES;
				CLANG_ENABLE_OBJC_ARC = YES;
				CLANG_ENABLE_OBJC_WEAK = YES;
				CLANG_WARN_BLOCK_CAPTURE_AUTORELEASING = YES;
				CLANG_WARN_BOOL_CONVERSION = YES;
				CLANG_WARN_COMMA = YES;
				CLANG_WARN_CONSTANT_CONVERSION = YES;
				CLANG_WARN_DEPRECATED_OBJC_IMPLEMENTATIONS = YES;
				CLANG_WARN_DIRECT_OBJC_ISA_USAGE = YES_ERROR;
				CLANG_WARN_DOCUMENTATION_COMMENTS = YES;
				CLANG_WARN_EMPTY_BODY = YES;
				CLANG_WARN_ENUM_CONVERSION = YES;
				CLANG_WARN_INFINITE_RECURSION = YES;
				CLANG_WARN_INT_CONVERSION = YES;
				CLANG_WARN_NON_LITERAL_NULL_CONVERSION = YES;
				CLANG_WARN_OBJC_IMPLICIT_RETAIN_SELF = YES;
				CLANG_WARN_OBJC_LITERAL_CONVERSION = YES;
				CLANG_WARN_OBJC_ROOT_CLASS = YES_ERROR;
				CLANG_WARN_RANGE_LOOP_ANALYSIS = YES;
				CLANG_WARN_STRICT_PROTOTYPES = YES;
				CLANG_WARN_SUSPICIOUS_MOVE = YES;
				CLANG_WARN_UNGUARDED_AVAILABILITY = YES_AGGRESSIVE;
				CLANG_WARN_UNREACHABLE_CODE = YES;
				CLANG_WARN__DUPLICATE_METHOD_MATCH = YES;
				COPY_PHASE_STRIP = NO;
				DEBUG_INFORMATION_FORMAT = dwarf;
				ENABLE_STRICT_OBJC_MSGSEND = YES;
				ENABLE_TESTABILITY = YES;
				GCC_C_LANGUAGE_STANDARD = gnu11;
				GCC_DYNAMIC_NO_PIC = NO;
				GCC_NO_COMMON_BLOCKS = YES;
				GCC_OPTIMIZATION_LEVEL = 0;
				GCC_PREPROCESSOR_DEFINITIONS = (
					"DEBUG=1",
					"$(inherited)",
				);
				GCC_WARN_64_TO_32_BIT_CONVERSION = YES;
				GCC_WARN_ABOUT_RETURN_TYPE = YES_ERROR;
				GCC_WARN_UNDECLARED_SELECTOR = YES;
				GCC_WARN_UNINITIALIZED_AUTOS = YES_AGGRESSIVE;
				GCC_WARN_UNUSED_FUNCTION = YES;
				GCC_WARN_UNUSED_VARIABLE = YES;
				IPHONEOS_DEPLOYMENT_TARGET = 13.2;
				MTL_ENABLE_DEBUG_INFO = INCLUDE_SOURCE;
				MTL_FAST_MATH = YES;
				ONLY_ACTIVE_ARCH = NO;
				SDKROOT = iphoneos;
				SWIFT_ACTIVE_COMPILATION_CONDITIONS = DEBUG;
				SWIFT_OPTIMIZATION_LEVEL = "-Onone";
			};
			name = Debug;
		};
		91CC0FDE2380B3C4007882C4 /* Release */ = {
			isa = XCBuildConfiguration;
			buildSettings = {
				ALWAYS_SEARCH_USER_PATHS = NO;
				CLANG_ANALYZER_NONNULL = YES;
				CLANG_ANALYZER_NUMBER_OBJECT_CONVERSION = YES_AGGRESSIVE;
				CLANG_CXX_LANGUAGE_STANDARD = "gnu++14";
				CLANG_CXX_LIBRARY = "libc++";
				CLANG_ENABLE_MODULES = YES;
				CLANG_ENABLE_OBJC_ARC = YES;
				CLANG_ENABLE_OBJC_WEAK = YES;
				CLANG_WARN_BLOCK_CAPTURE_AUTORELEASING = YES;
				CLANG_WARN_BOOL_CONVERSION = YES;
				CLANG_WARN_COMMA = YES;
				CLANG_WARN_CONSTANT_CONVERSION = YES;
				CLANG_WARN_DEPRECATED_OBJC_IMPLEMENTATIONS = YES;
				CLANG_WARN_DIRECT_OBJC_ISA_USAGE = YES_ERROR;
				CLANG_WARN_DOCUMENTATION_COMMENTS = YES;
				CLANG_WARN_EMPTY_BODY = YES;
				CLANG_WARN_ENUM_CONVERSION = YES;
				CLANG_WARN_INFINITE_RECURSION = YES;
				CLANG_WARN_INT_CONVERSION = YES;
				CLANG_WARN_NON_LITERAL_NULL_CONVERSION = YES;
				CLANG_WARN_OBJC_IMPLICIT_RETAIN_SELF = YES;
				CLANG_WARN_OBJC_LITERAL_CONVERSION = YES;
				CLANG_WARN_OBJC_ROOT_CLASS = YES_ERROR;
				CLANG_WARN_RANGE_LOOP_ANALYSIS = YES;
				CLANG_WARN_STRICT_PROTOTYPES = YES;
				CLANG_WARN_SUSPICIOUS_MOVE = YES;
				CLANG_WARN_UNGUARDED_AVAILABILITY = YES_AGGRESSIVE;
				CLANG_WARN_UNREACHABLE_CODE = YES;
				CLANG_WARN__DUPLICATE_METHOD_MATCH = YES;
				COPY_PHASE_STRIP = NO;
				DEBUG_INFORMATION_FORMAT = "dwarf-with-dsym";
				ENABLE_NS_ASSERTIONS = NO;
				ENABLE_STRICT_OBJC_MSGSEND = YES;
				GCC_C_LANGUAGE_STANDARD = gnu11;
				GCC_NO_COMMON_BLOCKS = YES;
				GCC_WARN_64_TO_32_BIT_CONVERSION = YES;
				GCC_WARN_ABOUT_RETURN_TYPE = YES_ERROR;
				GCC_WARN_UNDECLARED_SELECTOR = YES;
				GCC_WARN_UNINITIALIZED_AUTOS = YES_AGGRESSIVE;
				GCC_WARN_UNUSED_FUNCTION = YES;
				GCC_WARN_UNUSED_VARIABLE = YES;
				IPHONEOS_DEPLOYMENT_TARGET = 13.2;
				MTL_ENABLE_DEBUG_INFO = NO;
				MTL_FAST_MATH = YES;
				ONLY_ACTIVE_ARCH = YES;
				SDKROOT = iphoneos;
				SWIFT_COMPILATION_MODE = wholemodule;
				SWIFT_OPTIMIZATION_LEVEL = "-O";
				VALIDATE_PRODUCT = YES;
			};
			name = Release;
		};
		91CC0FE02380B3C4007882C4 /* Debug */ = {
			isa = XCBuildConfiguration;
			baseConfigurationReference = FE710E1A233405D20BE08544 /* Pods-wtf.debug.xcconfig */;
			buildSettings = {
				ASSETCATALOG_COMPILER_APPICON_NAME = AppIcon;
				CODE_SIGN_STYLE = Automatic;
				DEVELOPMENT_TEAM = LFZ6M27TVF;
				INFOPLIST_FILE = wtf/Info.plist;
				IPHONEOS_DEPLOYMENT_TARGET = 13.0;
				LD_RUNPATH_SEARCH_PATHS = (
					"$(inherited)",
					"@executable_path/Frameworks",
				);
				PRODUCT_BUNDLE_IDENTIFIER = com.rgi.wtf;
				PRODUCT_NAME = "$(TARGET_NAME)";
				"SWIFT_OBJC_BRIDGING_HEADER[arch=*]" = "Wtf-Bridging-Header.h";
				SWIFT_VERSION = 5.0;
				TARGETED_DEVICE_FAMILY = 1;
			};
			name = Debug;
		};
		91CC0FE12380B3C4007882C4 /* Release */ = {
			isa = XCBuildConfiguration;
			baseConfigurationReference = F8D0DD3D0556487F4E972C96 /* Pods-wtf.release.xcconfig */;
			buildSettings = {
				ASSETCATALOG_COMPILER_APPICON_NAME = AppIcon;
				CODE_SIGN_STYLE = Automatic;
				DEVELOPMENT_TEAM = LFZ6M27TVF;
				INFOPLIST_FILE = wtf/Info.plist;
				IPHONEOS_DEPLOYMENT_TARGET = 13.0;
				LD_RUNPATH_SEARCH_PATHS = (
					"$(inherited)",
					"@executable_path/Frameworks",
				);
				PRODUCT_BUNDLE_IDENTIFIER = com.rgi.wtf;
				PRODUCT_NAME = "$(TARGET_NAME)";
				"SWIFT_OBJC_BRIDGING_HEADER[arch=*]" = "Wtf-Bridging-Header.h";
				SWIFT_VERSION = 5.0;
				TARGETED_DEVICE_FAMILY = 1;
			};
			name = Release;
		};
/* End XCBuildConfiguration section */

/* Begin XCConfigurationList section */
		91CC0FC62380B3BD007882C4 /* Build configuration list for PBXProject "wtf" */ = {
			isa = XCConfigurationList;
			buildConfigurations = (
				91CC0FDD2380B3C4007882C4 /* Debug */,
				91CC0FDE2380B3C4007882C4 /* Release */,
			);
			defaultConfigurationIsVisible = 0;
			defaultConfigurationName = Release;
		};
		91CC0FDF2380B3C4007882C4 /* Build configuration list for PBXNativeTarget "wtf" */ = {
			isa = XCConfigurationList;
			buildConfigurations = (
				91CC0FE02380B3C4007882C4 /* Debug */,
				91CC0FE12380B3C4007882C4 /* Release */,
			);
			defaultConfigurationIsVisible = 0;
			defaultConfigurationName = Release;
		};
/* End XCConfigurationList section */
	};
	rootObject = 91CC0FC32380B3BD007882C4 /* Project object */;
}
